
Microsoft Visual Studio Solution File, Format Version 12.00
# Visual Studio Version 17
VisualStudioVersion = 17.9.34714.143
MinimumVisualStudioVersion = 10.0.40219.1
Project("{8BC9CEB8-8B4A-11D0-8D11-00A0C91BC942}") = "DecodeMsg", "DecodeMsg\DecodeMsg.vcxproj", "{37F0E919-B363-45AB-9045-CCAD5BABCAAD}"
EndProject
Project("{8BC9CEB8-8B4A-11D0-8D11-00A0C91BC942}") = "TestingPuzzles", "TestingPuzzles\TestingPuzzles.vcxproj", "{68F5C500-8A8B-40CD-93C4-E296518924F6}"
EndProject
Project("{8BC9CEB8-8B4A-11D0-8D11-00A0C91BC942}") = "MedianSortedArray", "MedianSortedArray\MedianSortedArray.vcxproj", "{259DB56B-EDB1-4E8D-A286-A061F3924E79}"
EndProject
Project("{8BC9CEB8-8B4A-11D0-8D11-00A0C91BC942}") = "TwoSums", "TwoSums\TwoSums.vcxproj", "{E6092C99-9D31-4050-AE17-8AF1B9549134}"
EndProject
Project("{8BC9CEB8-8B4A-11D0-8D11-00A0C91BC942}") = "MostFreq", "MostFreq\MostFreq.vcxproj", "{8768E9BC-2AF1-45A2-9FCB-2EBA3EE339C4}"
EndProject
Project("{8BC9CEB8-8B4A-11D0-8D11-00A0C91BC942}") = "EqualizeFrequency", "EqualizeFrequency\EqualizeFrequency.vcxproj", "{9100A816-2424-4C78-9E87-6E2F0335BF23}"
EndProject
Project("{8BC9CEB8-8B4A-11D0-8D11-00A0C91BC942}") = "CoinChange", "CoinChange\CoinChange.vcxproj", "{8FEE5306-E9A7-4271-8360-3EADE7F5DEB7}"
EndProject
Project("{8BC9CEB8-8B4A-11D0-8D11-00A0C91BC942}") = "LongestString", "LongestString\LongestString.vcxproj", "{D93AE121-B7C7-49EB-8AC3-E25FF213CED1}"
EndProject
Project("{8BC9CEB8-8B4A-11D0-8D11-00A0C91BC942}") = "runningAverage", "runningAverage\runningAverage.vcxproj", "{8DDEC295-EFB8-454E-A9CC-352CA1F7499B}"
EndProject
Project("{8BC9CEB8-8B4A-11D0-8D11-00A0C91BC942}") = "EquivalentPair", "EquivalentPair\EquivalentPair.vcxproj", "{DAF1758B-9364-4A45-96CF-0F1C1DDE1094}"
EndProject
Project("{8BC9CEB8-8B4A-11D0-8D11-00A0C91BC942}") = "RomanToInteger", "RomanToInteger\RomanToInteger.vcxproj", "{2C66AF48-4F2F-4BBE-85DB-CE52A04DAE79}"
EndProject
Project("{8BC9CEB8-8B4A-11D0-8D11-00A0C91BC942}") = "OddOccurance", "OddOccurance\OddOccurance.vcxproj", "{8BACA403-95FC-434D-84B5-A7D3C6C30B3C}"
EndProject
Project("{8BC9CEB8-8B4A-11D0-8D11-00A0C91BC942}") = "MinDiffPart", "MinDiffPart\MinDiffPart.vcxproj", "{310C7AA2-27AA-4209-82D4-8ED4AC41C3FF}"
EndProject
Project("{8BC9CEB8-8B4A-11D0-8D11-00A0C91BC942}") = "CountingBits", "CountingBits\CountingBits.vcxproj", "{ECB5BB31-8E1D-4835-B192-005B99C7212D}"
EndProject
Project("{8BC9CEB8-8B4A-11D0-8D11-00A0C91BC942}") = "MaxCounter", "MaxCounter\MaxCounter.vcxproj", "{C2D63E63-377B-4DDB-B99F-E5ECD6908F88}"
EndProject
Project("{8BC9CEB8-8B4A-11D0-8D11-00A0C91BC942}") = "SmallestPositiveInteger", "SmallestPositiveInteger\SmallestPositiveInteger.vcxproj", "{BF53285F-CE98-4EF1-AD7C-3F4CBBE77D88}"
EndProject
Project("{8BC9CEB8-8B4A-11D0-8D11-00A0C91BC942}") = "GeonomicRangeQuery", "GeonomicRangeQuery\GeonomicRangeQuery.vcxproj", "{426A6297-2EEE-4236-A3F6-4CA0FEFFB682}"
EndProject
Project("{8BC9CEB8-8B4A-11D0-8D11-00A0C91BC942}") = "MinAvgTwoSlice", "MinAvgTwoSlice\MinAvgTwoSlice.vcxproj", "{11DC25F3-5DEA-463A-B768-64C2D2DAA781}"
EndProject
Project("{8BC9CEB8-8B4A-11D0-8D11-00A0C91BC942}") = "Brackets", "Brackets\Brackets.vcxproj", "{A4365BCF-0FFF-4278-BD72-5CF81FA48FF1}"
EndProject
Project("{8BC9CEB8-8B4A-11D0-8D11-00A0C91BC942}") = "AliveFish", "AliveFish\AliveFish.vcxproj", "{05B56748-395D-40AF-904E-4F4D2E901801}"
EndProject
Project("{8BC9CEB8-8B4A-11D0-8D11-00A0C91BC942}") = "Dominator", "Dominator\Dominator.vcxproj", "{0AFE61EE-FA3B-4BE9-8018-D4779DBCEB72}"
EndProject
Project("{8BC9CEB8-8B4A-11D0-8D11-00A0C91BC942}") = "EquiLeader", "EquiLeader\EquiLeader.vcxproj", "{9205F087-D47B-4B3B-9B3A-D5F1EDDB16EE}"
EndProject
Project("{8BC9CEB8-8B4A-11D0-8D11-00A0C91BC942}") = "MaxProfit", "MaxProfit\MaxProfit.vcxproj", "{1ECC0794-30ED-4A55-B5A0-1372EC1A6F7D}"
EndProject
Project("{8BC9CEB8-8B4A-11D0-8D11-00A0C91BC942}") = "MaxSliceSum", "MaxSliceSum\MaxSliceSum.vcxproj", "{CD8F39F0-0716-49C3-8AB4-FED8FD748C11}"
EndProject
Project("{8BC9CEB8-8B4A-11D0-8D11-00A0C91BC942}") = "MaxDoubleSlice", "MaxDoubleSlice\MaxDoubleSlice.vcxproj", "{824F3F57-873F-46AF-974F-30B42F2D410C}"
EndProject
Project("{8BC9CEB8-8B4A-11D0-8D11-00A0C91BC942}") = "MinPerimeterRec", "MinPerimeterRec\MinPerimeterRec.vcxproj", "{44B954B3-CD8C-4841-87AB-7BC834C24134}"
EndProject
Project("{8BC9CEB8-8B4A-11D0-8D11-00A0C91BC942}") = "Flags", "Flags\Flags.vcxproj", "{21186C89-96A4-4EA3-AC6A-53A77200A31A}"
EndProject
Project("{8BC9CEB8-8B4A-11D0-8D11-00A0C91BC942}") = "Peaks", "Peaks\Peaks.vcxproj", "{3E53558F-56D9-420A-868D-7F85C54881B7}"
EndProject
Project("{8BC9CEB8-8B4A-11D0-8D11-00A0C91BC942}") = "CountNonDivisible", "CountNonDivisible\CountNonDivisible.vcxproj", "{9131AA23-18C3-4D55-9D4E-BCF175BD4A1B}"
EndProject
Project("{8BC9CEB8-8B4A-11D0-8D11-00A0C91BC942}") = "CountingSemiPrimes", "CountingSemiPrimes\CountingSemiPrimes.vcxproj", "{B6733267-1764-46EE-849F-CF2AADC450BE}"
EndProject
Global
	GlobalSection(SolutionConfigurationPlatforms) = preSolution
		Debug|x64 = Debug|x64
		Debug|x86 = Debug|x86
		Release|x64 = Release|x64
		Release|x86 = Release|x86
	EndGlobalSection
	GlobalSection(ProjectConfigurationPlatforms) = postSolution
		{37F0E919-B363-45AB-9045-CCAD5BABCAAD}.Debug|x64.ActiveCfg = Debug|x64
		{37F0E919-B363-45AB-9045-CCAD5BABCAAD}.Debug|x64.Build.0 = Debug|x64
		{37F0E919-B363-45AB-9045-CCAD5BABCAAD}.Debug|x86.ActiveCfg = Debug|Win32
		{37F0E919-B363-45AB-9045-CCAD5BABCAAD}.Debug|x86.Build.0 = Debug|Win32
		{37F0E919-B363-45AB-9045-CCAD5BABCAAD}.Release|x64.ActiveCfg = Release|x64
		{37F0E919-B363-45AB-9045-CCAD5BABCAAD}.Release|x64.Build.0 = Release|x64
		{37F0E919-B363-45AB-9045-CCAD5BABCAAD}.Release|x86.ActiveCfg = Release|Win32
		{37F0E919-B363-45AB-9045-CCAD5BABCAAD}.Release|x86.Build.0 = Release|Win32
		{68F5C500-8A8B-40CD-93C4-E296518924F6}.Debug|x64.ActiveCfg = Debug|x64
		{68F5C500-8A8B-40CD-93C4-E296518924F6}.Debug|x64.Build.0 = Debug|x64
		{68F5C500-8A8B-40CD-93C4-E296518924F6}.Debug|x86.ActiveCfg = Debug|Win32
		{68F5C500-8A8B-40CD-93C4-E296518924F6}.Debug|x86.Build.0 = Debug|Win32
		{68F5C500-8A8B-40CD-93C4-E296518924F6}.Release|x64.ActiveCfg = Release|x64
		{68F5C500-8A8B-40CD-93C4-E296518924F6}.Release|x64.Build.0 = Release|x64
		{68F5C500-8A8B-40CD-93C4-E296518924F6}.Release|x86.ActiveCfg = Release|Win32
		{68F5C500-8A8B-40CD-93C4-E296518924F6}.Release|x86.Build.0 = Release|Win32
		{259DB56B-EDB1-4E8D-A286-A061F3924E79}.Debug|x64.ActiveCfg = Debug|x64
		{259DB56B-EDB1-4E8D-A286-A061F3924E79}.Debug|x64.Build.0 = Debug|x64
		{259DB56B-EDB1-4E8D-A286-A061F3924E79}.Debug|x86.ActiveCfg = Debug|Win32
		{259DB56B-EDB1-4E8D-A286-A061F3924E79}.Debug|x86.Build.0 = Debug|Win32
		{259DB56B-EDB1-4E8D-A286-A061F3924E79}.Release|x64.ActiveCfg = Release|x64
		{259DB56B-EDB1-4E8D-A286-A061F3924E79}.Release|x64.Build.0 = Release|x64
		{259DB56B-EDB1-4E8D-A286-A061F3924E79}.Release|x86.ActiveCfg = Release|Win32
		{259DB56B-EDB1-4E8D-A286-A061F3924E79}.Release|x86.Build.0 = Release|Win32
		{E6092C99-9D31-4050-AE17-8AF1B9549134}.Debug|x64.ActiveCfg = Debug|x64
		{E6092C99-9D31-4050-AE17-8AF1B9549134}.Debug|x64.Build.0 = Debug|x64
		{E6092C99-9D31-4050-AE17-8AF1B9549134}.Debug|x86.ActiveCfg = Debug|Win32
		{E6092C99-9D31-4050-AE17-8AF1B9549134}.Debug|x86.Build.0 = Debug|Win32
		{E6092C99-9D31-4050-AE17-8AF1B9549134}.Release|x64.ActiveCfg = Release|x64
		{E6092C99-9D31-4050-AE17-8AF1B9549134}.Release|x64.Build.0 = Release|x64
		{E6092C99-9D31-4050-AE17-8AF1B9549134}.Release|x86.ActiveCfg = Release|Win32
		{E6092C99-9D31-4050-AE17-8AF1B9549134}.Release|x86.Build.0 = Release|Win32
		{8768E9BC-2AF1-45A2-9FCB-2EBA3EE339C4}.Debug|x64.ActiveCfg = Debug|x64
		{8768E9BC-2AF1-45A2-9FCB-2EBA3EE339C4}.Debug|x64.Build.0 = Debug|x64
		{8768E9BC-2AF1-45A2-9FCB-2EBA3EE339C4}.Debug|x86.ActiveCfg = Debug|Win32
		{8768E9BC-2AF1-45A2-9FCB-2EBA3EE339C4}.Debug|x86.Build.0 = Debug|Win32
		{8768E9BC-2AF1-45A2-9FCB-2EBA3EE339C4}.Release|x64.ActiveCfg = Release|x64
		{8768E9BC-2AF1-45A2-9FCB-2EBA3EE339C4}.Release|x64.Build.0 = Release|x64
		{8768E9BC-2AF1-45A2-9FCB-2EBA3EE339C4}.Release|x86.ActiveCfg = Release|Win32
		{8768E9BC-2AF1-45A2-9FCB-2EBA3EE339C4}.Release|x86.Build.0 = Release|Win32
		{9100A816-2424-4C78-9E87-6E2F0335BF23}.Debug|x64.ActiveCfg = Debug|x64
		{9100A816-2424-4C78-9E87-6E2F0335BF23}.Debug|x64.Build.0 = Debug|x64
		{9100A816-2424-4C78-9E87-6E2F0335BF23}.Debug|x86.ActiveCfg = Debug|Win32
		{9100A816-2424-4C78-9E87-6E2F0335BF23}.Debug|x86.Build.0 = Debug|Win32
		{9100A816-2424-4C78-9E87-6E2F0335BF23}.Release|x64.ActiveCfg = Release|x64
		{9100A816-2424-4C78-9E87-6E2F0335BF23}.Release|x64.Build.0 = Release|x64
		{9100A816-2424-4C78-9E87-6E2F0335BF23}.Release|x86.ActiveCfg = Release|Win32
		{9100A816-2424-4C78-9E87-6E2F0335BF23}.Release|x86.Build.0 = Release|Win32
		{8FEE5306-E9A7-4271-8360-3EADE7F5DEB7}.Debug|x64.ActiveCfg = Debug|x64
		{8FEE5306-E9A7-4271-8360-3EADE7F5DEB7}.Debug|x64.Build.0 = Debug|x64
		{8FEE5306-E9A7-4271-8360-3EADE7F5DEB7}.Debug|x86.ActiveCfg = Debug|Win32
		{8FEE5306-E9A7-4271-8360-3EADE7F5DEB7}.Debug|x86.Build.0 = Debug|Win32
		{8FEE5306-E9A7-4271-8360-3EADE7F5DEB7}.Release|x64.ActiveCfg = Release|x64
		{8FEE5306-E9A7-4271-8360-3EADE7F5DEB7}.Release|x64.Build.0 = Release|x64
		{8FEE5306-E9A7-4271-8360-3EADE7F5DEB7}.Release|x86.ActiveCfg = Release|Win32
		{8FEE5306-E9A7-4271-8360-3EADE7F5DEB7}.Release|x86.Build.0 = Release|Win32
		{D93AE121-B7C7-49EB-8AC3-E25FF213CED1}.Debug|x64.ActiveCfg = Debug|x64
		{D93AE121-B7C7-49EB-8AC3-E25FF213CED1}.Debug|x64.Build.0 = Debug|x64
		{D93AE121-B7C7-49EB-8AC3-E25FF213CED1}.Debug|x86.ActiveCfg = Debug|Win32
		{D93AE121-B7C7-49EB-8AC3-E25FF213CED1}.Debug|x86.Build.0 = Debug|Win32
		{D93AE121-B7C7-49EB-8AC3-E25FF213CED1}.Release|x64.ActiveCfg = Release|x64
		{D93AE121-B7C7-49EB-8AC3-E25FF213CED1}.Release|x64.Build.0 = Release|x64
		{D93AE121-B7C7-49EB-8AC3-E25FF213CED1}.Release|x86.ActiveCfg = Release|Win32
		{D93AE121-B7C7-49EB-8AC3-E25FF213CED1}.Release|x86.Build.0 = Release|Win32
		{8DDEC295-EFB8-454E-A9CC-352CA1F7499B}.Debug|x64.ActiveCfg = Debug|x64
		{8DDEC295-EFB8-454E-A9CC-352CA1F7499B}.Debug|x64.Build.0 = Debug|x64
		{8DDEC295-EFB8-454E-A9CC-352CA1F7499B}.Debug|x86.ActiveCfg = Debug|Win32
		{8DDEC295-EFB8-454E-A9CC-352CA1F7499B}.Debug|x86.Build.0 = Debug|Win32
		{8DDEC295-EFB8-454E-A9CC-352CA1F7499B}.Release|x64.ActiveCfg = Release|x64
		{8DDEC295-EFB8-454E-A9CC-352CA1F7499B}.Release|x64.Build.0 = Release|x64
		{8DDEC295-EFB8-454E-A9CC-352CA1F7499B}.Release|x86.ActiveCfg = Release|Win32
		{8DDEC295-EFB8-454E-A9CC-352CA1F7499B}.Release|x86.Build.0 = Release|Win32
		{DAF1758B-9364-4A45-96CF-0F1C1DDE1094}.Debug|x64.ActiveCfg = Debug|x64
		{DAF1758B-9364-4A45-96CF-0F1C1DDE1094}.Debug|x64.Build.0 = Debug|x64
		{DAF1758B-9364-4A45-96CF-0F1C1DDE1094}.Debug|x86.ActiveCfg = Debug|Win32
		{DAF1758B-9364-4A45-96CF-0F1C1DDE1094}.Debug|x86.Build.0 = Debug|Win32
		{DAF1758B-9364-4A45-96CF-0F1C1DDE1094}.Release|x64.ActiveCfg = Release|x64
		{DAF1758B-9364-4A45-96CF-0F1C1DDE1094}.Release|x64.Build.0 = Release|x64
		{DAF1758B-9364-4A45-96CF-0F1C1DDE1094}.Release|x86.ActiveCfg = Release|Win32
		{DAF1758B-9364-4A45-96CF-0F1C1DDE1094}.Release|x86.Build.0 = Release|Win32
		{2C66AF48-4F2F-4BBE-85DB-CE52A04DAE79}.Debug|x64.ActiveCfg = Debug|x64
		{2C66AF48-4F2F-4BBE-85DB-CE52A04DAE79}.Debug|x64.Build.0 = Debug|x64
		{2C66AF48-4F2F-4BBE-85DB-CE52A04DAE79}.Debug|x86.ActiveCfg = Debug|Win32
		{2C66AF48-4F2F-4BBE-85DB-CE52A04DAE79}.Debug|x86.Build.0 = Debug|Win32
		{2C66AF48-4F2F-4BBE-85DB-CE52A04DAE79}.Release|x64.ActiveCfg = Release|x64
		{2C66AF48-4F2F-4BBE-85DB-CE52A04DAE79}.Release|x64.Build.0 = Release|x64
		{2C66AF48-4F2F-4BBE-85DB-CE52A04DAE79}.Release|x86.ActiveCfg = Release|Win32
		{2C66AF48-4F2F-4BBE-85DB-CE52A04DAE79}.Release|x86.Build.0 = Release|Win32
		{8BACA403-95FC-434D-84B5-A7D3C6C30B3C}.Debug|x64.ActiveCfg = Debug|x64
		{8BACA403-95FC-434D-84B5-A7D3C6C30B3C}.Debug|x64.Build.0 = Debug|x64
		{8BACA403-95FC-434D-84B5-A7D3C6C30B3C}.Debug|x86.ActiveCfg = Debug|Win32
		{8BACA403-95FC-434D-84B5-A7D3C6C30B3C}.Debug|x86.Build.0 = Debug|Win32
		{8BACA403-95FC-434D-84B5-A7D3C6C30B3C}.Release|x64.ActiveCfg = Release|x64
		{8BACA403-95FC-434D-84B5-A7D3C6C30B3C}.Release|x64.Build.0 = Release|x64
		{8BACA403-95FC-434D-84B5-A7D3C6C30B3C}.Release|x86.ActiveCfg = Release|Win32
		{8BACA403-95FC-434D-84B5-A7D3C6C30B3C}.Release|x86.Build.0 = Release|Win32
		{310C7AA2-27AA-4209-82D4-8ED4AC41C3FF}.Debug|x64.ActiveCfg = Debug|x64
		{310C7AA2-27AA-4209-82D4-8ED4AC41C3FF}.Debug|x64.Build.0 = Debug|x64
		{310C7AA2-27AA-4209-82D4-8ED4AC41C3FF}.Debug|x86.ActiveCfg = Debug|Win32
		{310C7AA2-27AA-4209-82D4-8ED4AC41C3FF}.Debug|x86.Build.0 = Debug|Win32
		{310C7AA2-27AA-4209-82D4-8ED4AC41C3FF}.Release|x64.ActiveCfg = Release|x64
		{310C7AA2-27AA-4209-82D4-8ED4AC41C3FF}.Release|x64.Build.0 = Release|x64
		{310C7AA2-27AA-4209-82D4-8ED4AC41C3FF}.Release|x86.ActiveCfg = Release|Win32
		{310C7AA2-27AA-4209-82D4-8ED4AC41C3FF}.Release|x86.Build.0 = Release|Win32
		{ECB5BB31-8E1D-4835-B192-005B99C7212D}.Debug|x64.ActiveCfg = Debug|x64
		{ECB5BB31-8E1D-4835-B192-005B99C7212D}.Debug|x64.Build.0 = Debug|x64
		{ECB5BB31-8E1D-4835-B192-005B99C7212D}.Debug|x86.ActiveCfg = Debug|Win32
		{ECB5BB31-8E1D-4835-B192-005B99C7212D}.Debug|x86.Build.0 = Debug|Win32
		{ECB5BB31-8E1D-4835-B192-005B99C7212D}.Release|x64.ActiveCfg = Release|x64
		{ECB5BB31-8E1D-4835-B192-005B99C7212D}.Release|x64.Build.0 = Release|x64
		{ECB5BB31-8E1D-4835-B192-005B99C7212D}.Release|x86.ActiveCfg = Release|Win32
		{ECB5BB31-8E1D-4835-B192-005B99C7212D}.Release|x86.Build.0 = Release|Win32
		{C2D63E63-377B-4DDB-B99F-E5ECD6908F88}.Debug|x64.ActiveCfg = Debug|x64
		{C2D63E63-377B-4DDB-B99F-E5ECD6908F88}.Debug|x64.Build.0 = Debug|x64
		{C2D63E63-377B-4DDB-B99F-E5ECD6908F88}.Debug|x86.ActiveCfg = Debug|Win32
		{C2D63E63-377B-4DDB-B99F-E5ECD6908F88}.Debug|x86.Build.0 = Debug|Win32
		{C2D63E63-377B-4DDB-B99F-E5ECD6908F88}.Release|x64.ActiveCfg = Release|x64
		{C2D63E63-377B-4DDB-B99F-E5ECD6908F88}.Release|x64.Build.0 = Release|x64
		{C2D63E63-377B-4DDB-B99F-E5ECD6908F88}.Release|x86.ActiveCfg = Release|Win32
		{C2D63E63-377B-4DDB-B99F-E5ECD6908F88}.Release|x86.Build.0 = Release|Win32
		{BF53285F-CE98-4EF1-AD7C-3F4CBBE77D88}.Debug|x64.ActiveCfg = Debug|x64
		{BF53285F-CE98-4EF1-AD7C-3F4CBBE77D88}.Debug|x64.Build.0 = Debug|x64
		{BF53285F-CE98-4EF1-AD7C-3F4CBBE77D88}.Debug|x86.ActiveCfg = Debug|Win32
		{BF53285F-CE98-4EF1-AD7C-3F4CBBE77D88}.Debug|x86.Build.0 = Debug|Win32
		{BF53285F-CE98-4EF1-AD7C-3F4CBBE77D88}.Release|x64.ActiveCfg = Release|x64
		{BF53285F-CE98-4EF1-AD7C-3F4CBBE77D88}.Release|x64.Build.0 = Release|x64
		{BF53285F-CE98-4EF1-AD7C-3F4CBBE77D88}.Release|x86.ActiveCfg = Release|Win32
		{BF53285F-CE98-4EF1-AD7C-3F4CBBE77D88}.Release|x86.Build.0 = Release|Win32
		{426A6297-2EEE-4236-A3F6-4CA0FEFFB682}.Debug|x64.ActiveCfg = Debug|x64
		{426A6297-2EEE-4236-A3F6-4CA0FEFFB682}.Debug|x64.Build.0 = Debug|x64
		{426A6297-2EEE-4236-A3F6-4CA0FEFFB682}.Debug|x86.ActiveCfg = Debug|Win32
		{426A6297-2EEE-4236-A3F6-4CA0FEFFB682}.Debug|x86.Build.0 = Debug|Win32
		{426A6297-2EEE-4236-A3F6-4CA0FEFFB682}.Release|x64.ActiveCfg = Release|x64
		{426A6297-2EEE-4236-A3F6-4CA0FEFFB682}.Release|x64.Build.0 = Release|x64
		{426A6297-2EEE-4236-A3F6-4CA0FEFFB682}.Release|x86.ActiveCfg = Release|Win32
		{426A6297-2EEE-4236-A3F6-4CA0FEFFB682}.Release|x86.Build.0 = Release|Win32
		{11DC25F3-5DEA-463A-B768-64C2D2DAA781}.Debug|x64.ActiveCfg = Debug|x64
		{11DC25F3-5DEA-463A-B768-64C2D2DAA781}.Debug|x64.Build.0 = Debug|x64
		{11DC25F3-5DEA-463A-B768-64C2D2DAA781}.Debug|x86.ActiveCfg = Debug|Win32
		{11DC25F3-5DEA-463A-B768-64C2D2DAA781}.Debug|x86.Build.0 = Debug|Win32
		{11DC25F3-5DEA-463A-B768-64C2D2DAA781}.Release|x64.ActiveCfg = Release|x64
		{11DC25F3-5DEA-463A-B768-64C2D2DAA781}.Release|x64.Build.0 = Release|x64
		{11DC25F3-5DEA-463A-B768-64C2D2DAA781}.Release|x86.ActiveCfg = Release|Win32
		{11DC25F3-5DEA-463A-B768-64C2D2DAA781}.Release|x86.Build.0 = Release|Win32
		{A4365BCF-0FFF-4278-BD72-5CF81FA48FF1}.Debug|x64.ActiveCfg = Debug|x64
		{A4365BCF-0FFF-4278-BD72-5CF81FA48FF1}.Debug|x64.Build.0 = Debug|x64
		{A4365BCF-0FFF-4278-BD72-5CF81FA48FF1}.Debug|x86.ActiveCfg = Debug|Win32
		{A4365BCF-0FFF-4278-BD72-5CF81FA48FF1}.Debug|x86.Build.0 = Debug|Win32
		{A4365BCF-0FFF-4278-BD72-5CF81FA48FF1}.Release|x64.ActiveCfg = Release|x64
		{A4365BCF-0FFF-4278-BD72-5CF81FA48FF1}.Release|x64.Build.0 = Release|x64
		{A4365BCF-0FFF-4278-BD72-5CF81FA48FF1}.Release|x86.ActiveCfg = Release|Win32
		{A4365BCF-0FFF-4278-BD72-5CF81FA48FF1}.Release|x86.Build.0 = Release|Win32
		{05B56748-395D-40AF-904E-4F4D2E901801}.Debug|x64.ActiveCfg = Debug|x64
		{05B56748-395D-40AF-904E-4F4D2E901801}.Debug|x64.Build.0 = Debug|x64
		{05B56748-395D-40AF-904E-4F4D2E901801}.Debug|x86.ActiveCfg = Debug|Win32
		{05B56748-395D-40AF-904E-4F4D2E901801}.Debug|x86.Build.0 = Debug|Win32
		{05B56748-395D-40AF-904E-4F4D2E901801}.Release|x64.ActiveCfg = Release|x64
		{05B56748-395D-40AF-904E-4F4D2E901801}.Release|x64.Build.0 = Release|x64
		{05B56748-395D-40AF-904E-4F4D2E901801}.Release|x86.ActiveCfg = Release|Win32
		{05B56748-395D-40AF-904E-4F4D2E901801}.Release|x86.Build.0 = Release|Win32
		{0AFE61EE-FA3B-4BE9-8018-D4779DBCEB72}.Debug|x64.ActiveCfg = Debug|x64
		{0AFE61EE-FA3B-4BE9-8018-D4779DBCEB72}.Debug|x64.Build.0 = Debug|x64
		{0AFE61EE-FA3B-4BE9-8018-D4779DBCEB72}.Debug|x86.ActiveCfg = Debug|Win32
		{0AFE61EE-FA3B-4BE9-8018-D4779DBCEB72}.Debug|x86.Build.0 = Debug|Win32
		{0AFE61EE-FA3B-4BE9-8018-D4779DBCEB72}.Release|x64.ActiveCfg = Release|x64
		{0AFE61EE-FA3B-4BE9-8018-D4779DBCEB72}.Release|x64.Build.0 = Release|x64
		{0AFE61EE-FA3B-4BE9-8018-D4779DBCEB72}.Release|x86.ActiveCfg = Release|Win32
		{0AFE61EE-FA3B-4BE9-8018-D4779DBCEB72}.Release|x86.Build.0 = Release|Win32
		{9205F087-D47B-4B3B-9B3A-D5F1EDDB16EE}.Debug|x64.ActiveCfg = Debug|x64
		{9205F087-D47B-4B3B-9B3A-D5F1EDDB16EE}.Debug|x64.Build.0 = Debug|x64
		{9205F087-D47B-4B3B-9B3A-D5F1EDDB16EE}.Debug|x86.ActiveCfg = Debug|Win32
		{9205F087-D47B-4B3B-9B3A-D5F1EDDB16EE}.Debug|x86.Build.0 = Debug|Win32
		{9205F087-D47B-4B3B-9B3A-D5F1EDDB16EE}.Release|x64.ActiveCfg = Release|x64
		{9205F087-D47B-4B3B-9B3A-D5F1EDDB16EE}.Release|x64.Build.0 = Release|x64
		{9205F087-D47B-4B3B-9B3A-D5F1EDDB16EE}.Release|x86.ActiveCfg = Release|Win32
		{9205F087-D47B-4B3B-9B3A-D5F1EDDB16EE}.Release|x86.Build.0 = Release|Win32
		{1ECC0794-30ED-4A55-B5A0-1372EC1A6F7D}.Debug|x64.ActiveCfg = Debug|x64
		{1ECC0794-30ED-4A55-B5A0-1372EC1A6F7D}.Debug|x64.Build.0 = Debug|x64
		{1ECC0794-30ED-4A55-B5A0-1372EC1A6F7D}.Debug|x86.ActiveCfg = Debug|Win32
		{1ECC0794-30ED-4A55-B5A0-1372EC1A6F7D}.Debug|x86.Build.0 = Debug|Win32
		{1ECC0794-30ED-4A55-B5A0-1372EC1A6F7D}.Release|x64.ActiveCfg = Release|x64
		{1ECC0794-30ED-4A55-B5A0-1372EC1A6F7D}.Release|x64.Build.0 = Release|x64
		{1ECC0794-30ED-4A55-B5A0-1372EC1A6F7D}.Release|x86.ActiveCfg = Release|Win32
		{1ECC0794-30ED-4A55-B5A0-1372EC1A6F7D}.Release|x86.Build.0 = Release|Win32
		{CD8F39F0-0716-49C3-8AB4-FED8FD748C11}.Debug|x64.ActiveCfg = Debug|x64
		{CD8F39F0-0716-49C3-8AB4-FED8FD748C11}.Debug|x64.Build.0 = Debug|x64
		{CD8F39F0-0716-49C3-8AB4-FED8FD748C11}.Debug|x86.ActiveCfg = Debug|Win32
		{CD8F39F0-0716-49C3-8AB4-FED8FD748C11}.Debug|x86.Build.0 = Debug|Win32
		{CD8F39F0-0716-49C3-8AB4-FED8FD748C11}.Release|x64.ActiveCfg = Release|x64
		{CD8F39F0-0716-49C3-8AB4-FED8FD748C11}.Release|x64.Build.0 = Release|x64
		{CD8F39F0-0716-49C3-8AB4-FED8FD748C11}.Release|x86.ActiveCfg = Release|Win32
		{CD8F39F0-0716-49C3-8AB4-FED8FD748C11}.Release|x86.Build.0 = Release|Win32
		{824F3F57-873F-46AF-974F-30B42F2D410C}.Debug|x64.ActiveCfg = Debug|x64
		{824F3F57-873F-46AF-974F-30B42F2D410C}.Debug|x64.Build.0 = Debug|x64
		{824F3F57-873F-46AF-974F-30B42F2D410C}.Debug|x86.ActiveCfg = Debug|Win32
		{824F3F57-873F-46AF-974F-30B42F2D410C}.Debug|x86.Build.0 = Debug|Win32
		{824F3F57-873F-46AF-974F-30B42F2D410C}.Release|x64.ActiveCfg = Release|x64
		{824F3F57-873F-46AF-974F-30B42F2D410C}.Release|x64.Build.0 = Release|x64
		{824F3F57-873F-46AF-974F-30B42F2D410C}.Release|x86.ActiveCfg = Release|Win32
		{824F3F57-873F-46AF-974F-30B42F2D410C}.Release|x86.Build.0 = Release|Win32
		{44B954B3-CD8C-4841-87AB-7BC834C24134}.Debug|x64.ActiveCfg = Debug|x64
		{44B954B3-CD8C-4841-87AB-7BC834C24134}.Debug|x64.Build.0 = Debug|x64
		{44B954B3-CD8C-4841-87AB-7BC834C24134}.Debug|x86.ActiveCfg = Debug|Win32
		{44B954B3-CD8C-4841-87AB-7BC834C24134}.Debug|x86.Build.0 = Debug|Win32
		{44B954B3-CD8C-4841-87AB-7BC834C24134}.Release|x64.ActiveCfg = Release|x64
		{44B954B3-CD8C-4841-87AB-7BC834C24134}.Release|x64.Build.0 = Release|x64
		{44B954B3-CD8C-4841-87AB-7BC834C24134}.Release|x86.ActiveCfg = Release|Win32
		{44B954B3-CD8C-4841-87AB-7BC834C24134}.Release|x86.Build.0 = Release|Win32
		{21186C89-96A4-4EA3-AC6A-53A77200A31A}.Debug|x64.ActiveCfg = Debug|x64
		{21186C89-96A4-4EA3-AC6A-53A77200A31A}.Debug|x64.Build.0 = Debug|x64
		{21186C89-96A4-4EA3-AC6A-53A77200A31A}.Debug|x86.ActiveCfg = Debug|Win32
		{21186C89-96A4-4EA3-AC6A-53A77200A31A}.Debug|x86.Build.0 = Debug|Win32
		{21186C89-96A4-4EA3-AC6A-53A77200A31A}.Release|x64.ActiveCfg = Release|x64
		{21186C89-96A4-4EA3-AC6A-53A77200A31A}.Release|x64.Build.0 = Release|x64
		{21186C89-96A4-4EA3-AC6A-53A77200A31A}.Release|x86.ActiveCfg = Release|Win32
		{21186C89-96A4-4EA3-AC6A-53A77200A31A}.Release|x86.Build.0 = Release|Win32
		{3E53558F-56D9-420A-868D-7F85C54881B7}.Debug|x64.ActiveCfg = Debug|x64
		{3E53558F-56D9-420A-868D-7F85C54881B7}.Debug|x64.Build.0 = Debug|x64
		{3E53558F-56D9-420A-868D-7F85C54881B7}.Debug|x86.ActiveCfg = Debug|Win32
		{3E53558F-56D9-420A-868D-7F85C54881B7}.Debug|x86.Build.0 = Debug|Win32
		{3E53558F-56D9-420A-868D-7F85C54881B7}.Release|x64.ActiveCfg = Release|x64
		{3E53558F-56D9-420A-868D-7F85C54881B7}.Release|x64.Build.0 = Release|x64
		{3E53558F-56D9-420A-868D-7F85C54881B7}.Release|x86.ActiveCfg = Release|Win32
		{3E53558F-56D9-420A-868D-7F85C54881B7}.Release|x86.Build.0 = Release|Win32
		{9131AA23-18C3-4D55-9D4E-BCF175BD4A1B}.Debug|x64.ActiveCfg = Debug|x64
		{9131AA23-18C3-4D55-9D4E-BCF175BD4A1B}.Debug|x64.Build.0 = Debug|x64
		{9131AA23-18C3-4D55-9D4E-BCF175BD4A1B}.Debug|x86.ActiveCfg = Debug|Win32
		{9131AA23-18C3-4D55-9D4E-BCF175BD4A1B}.Debug|x86.Build.0 = Debug|Win32
		{9131AA23-18C3-4D55-9D4E-BCF175BD4A1B}.Release|x64.ActiveCfg = Release|x64
		{9131AA23-18C3-4D55-9D4E-BCF175BD4A1B}.Release|x64.Build.0 = Release|x64
		{9131AA23-18C3-4D55-9D4E-BCF175BD4A1B}.Release|x86.ActiveCfg = Release|Win32
		{9131AA23-18C3-4D55-9D4E-BCF175BD4A1B}.Release|x86.Build.0 = Release|Win32
		{B6733267-1764-46EE-849F-CF2AADC450BE}.Debug|x64.ActiveCfg = Debug|x64
		{B6733267-1764-46EE-849F-CF2AADC450BE}.Debug|x64.Build.0 = Debug|x64
		{B6733267-1764-46EE-849F-CF2AADC450BE}.Debug|x86.ActiveCfg = Debug|Win32
		{B6733267-1764-46EE-849F-CF2AADC450BE}.Debug|x86.Build.0 = Debug|Win32
		{B6733267-1764-46EE-849F-CF2AADC450BE}.Release|x64.ActiveCfg = Release|x64
		{B6733267-1764-46EE-849F-CF2AADC450BE}.Release|x64.Build.0 = Release|x64
		{B6733267-1764-46EE-849F-CF2AADC450BE}.Release|x86.ActiveCfg = Release|Win32
		{B6733267-1764-46EE-849F-CF2AADC450BE}.Release|x86.Build.0 = Release|Win32
	EndGlobalSection
	GlobalSection(SolutionProperties) = preSolution
		HideSolutionNode = FALSE
	EndGlobalSection
	GlobalSection(ExtensibilityGlobals) = postSolution
		SolutionGuid = {75FB9F01-37CA-4A3D-972A-D63FA0D924E4}
	EndGlobalSection
EndGlobal
