
Microsoft Visual Studio Solution File, Format Version 12.00
# Visual Studio Version 17
VisualStudioVersion = 17.9.34714.143
MinimumVisualStudioVersion = 10.0.40219.1
Project("{8BC9CEB8-8B4A-11D0-8D11-00A0C91BC942}") = "DecodeMsg", "DecodeMsg\DecodeMsg.vcxproj", "{37F0E919-B363-45AB-9045-CCAD5BABCAAD}"
EndProject
Project("{8BC9CEB8-8B4A-11D0-8D11-00A0C91BC942}") = "TestingPuzzles", "TestingPuzzles\TestingPuzzles.vcxproj", "{68F5C500-8A8B-40CD-93C4-E296518924F6}"
EndProject
Project("{8BC9CEB8-8B4A-11D0-8D11-00A0C91BC942}") = "MedianSortedArray", "MedianSortedArray\MedianSortedArray.vcxproj", "{259DB56B-EDB1-4E8D-A286-A061F3924E79}"
EndProject
Project("{8BC9CEB8-8B4A-11D0-8D11-00A0C91BC942}") = "TwoSums", "TwoSums\TwoSums.vcxproj", "{E6092C99-9D31-4050-AE17-8AF1B9549134}"
EndProject
Project("{8BC9CEB8-8B4A-11D0-8D11-00A0C91BC942}") = "MostFreq", "MostFreq\MostFreq.vcxproj", "{8768E9BC-2AF1-45A2-9FCB-2EBA3EE339C4}"
EndProject
Project("{8BC9CEB8-8B4A-11D0-8D11-00A0C91BC942}") = "EqualizeFrequency", "EqualizeFrequency\EqualizeFrequency.vcxproj", "{9100A816-2424-4C78-9E87-6E2F0335BF23}"
EndProject
Project("{8BC9CEB8-8B4A-11D0-8D11-00A0C91BC942}") = "CoinChange", "CoinChange\CoinChange.vcxproj", "{8FEE5306-E9A7-4271-8360-3EADE7F5DEB7}"
EndProject
Project("{8BC9CEB8-8B4A-11D0-8D11-00A0C91BC942}") = "LongestString", "LongestString\LongestString.vcxproj", "{D93AE121-B7C7-49EB-8AC3-E25FF213CED1}"
EndProject
Project("{8BC9CEB8-8B4A-11D0-8D11-00A0C91BC942}") = "runningAverage", "runningAverage\runningAverage.vcxproj", "{8DDEC295-EFB8-454E-A9CC-352CA1F7499B}"
EndProject
Project("{8BC9CEB8-8B4A-11D0-8D11-00A0C91BC942}") = "EquivalentPair", "EquivalentPair\EquivalentPair.vcxproj", "{DAF1758B-9364-4A45-96CF-0F1C1DDE1094}"
EndProject
Project("{8BC9CEB8-8B4A-11D0-8D11-00A0C91BC942}") = "RomanToInteger", "RomanToInteger\RomanToInteger.vcxproj", "{2C66AF48-4F2F-4BBE-85DB-CE52A04DAE79}"
EndProject
Project("{8BC9CEB8-8B4A-11D0-8D11-00A0C91BC942}") = "OddOccurance", "OddOccurance\OddOccurance.vcxproj", "{8BACA403-95FC-434D-84B5-A7D3C6C30B3C}"
EndProject
Project("{8BC9CEB8-8B4A-11D0-8D11-00A0C91BC942}") = "MinDiffPart", "MinDiffPart\MinDiffPart.vcxproj", "{310C7AA2-27AA-4209-82D4-8ED4AC41C3FF}"
EndProject
Project("{8BC9CEB8-8B4A-11D0-8D11-00A0C91BC942}") = "CountingBits", "CountingBits\CountingBits.vcxproj", "{ECB5BB31-8E1D-4835-B192-005B99C7212D}"
EndProject
Project("{8BC9CEB8-8B4A-11D0-8D11-00A0C91BC942}") = "MaxCounter", "MaxCounter\MaxCounter.vcxproj", "{C2D63E63-377B-4DDB-B99F-E5ECD6908F88}"
EndProject
Project("{8BC9CEB8-8B4A-11D0-8D11-00A0C91BC942}") = "SmallestPositiveInteger", "SmallestPositiveInteger\SmallestPositiveInteger.vcxproj", "{BF53285F-CE98-4EF1-AD7C-3F4CBBE77D88}"
EndProject
Global
	GlobalSection(SolutionConfigurationPlatforms) = preSolution
		Debug|x64 = Debug|x64
		Debug|x86 = Debug|x86
		Release|x64 = Release|x64
		Release|x86 = Release|x86
	EndGlobalSection
	GlobalSection(ProjectConfigurationPlatforms) = postSolution
		{37F0E919-B363-45AB-9045-CCAD5BABCAAD}.Debug|x64.ActiveCfg = Debug|x64
		{37F0E919-B363-45AB-9045-CCAD5BABCAAD}.Debug|x64.Build.0 = Debug|x64
		{37F0E919-B363-45AB-9045-CCAD5BABCAAD}.Debug|x86.ActiveCfg = Debug|Win32
		{37F0E919-B363-45AB-9045-CCAD5BABCAAD}.Debug|x86.Build.0 = Debug|Win32
		{37F0E919-B363-45AB-9045-CCAD5BABCAAD}.Release|x64.ActiveCfg = Release|x64
		{37F0E919-B363-45AB-9045-CCAD5BABCAAD}.Release|x64.Build.0 = Release|x64
		{37F0E919-B363-45AB-9045-CCAD5BABCAAD}.Release|x86.ActiveCfg = Release|Win32
		{37F0E919-B363-45AB-9045-CCAD5BABCAAD}.Release|x86.Build.0 = Release|Win32
		{68F5C500-8A8B-40CD-93C4-E296518924F6}.Debug|x64.ActiveCfg = Debug|x64
		{68F5C500-8A8B-40CD-93C4-E296518924F6}.Debug|x64.Build.0 = Debug|x64
		{68F5C500-8A8B-40CD-93C4-E296518924F6}.Debug|x86.ActiveCfg = Debug|Win32
		{68F5C500-8A8B-40CD-93C4-E296518924F6}.Debug|x86.Build.0 = Debug|Win32
		{68F5C500-8A8B-40CD-93C4-E296518924F6}.Release|x64.ActiveCfg = Release|x64
		{68F5C500-8A8B-40CD-93C4-E296518924F6}.Release|x64.Build.0 = Release|x64
		{68F5C500-8A8B-40CD-93C4-E296518924F6}.Release|x86.ActiveCfg = Release|Win32
		{68F5C500-8A8B-40CD-93C4-E296518924F6}.Release|x86.Build.0 = Release|Win32
		{259DB56B-EDB1-4E8D-A286-A061F3924E79}.Debug|x64.ActiveCfg = Debug|x64
		{259DB56B-EDB1-4E8D-A286-A061F3924E79}.Debug|x64.Build.0 = Debug|x64
		{259DB56B-EDB1-4E8D-A286-A061F3924E79}.Debug|x86.ActiveCfg = Debug|Win32
		{259DB56B-EDB1-4E8D-A286-A061F3924E79}.Debug|x86.Build.0 = Debug|Win32
		{259DB56B-EDB1-4E8D-A286-A061F3924E79}.Release|x64.ActiveCfg = Release|x64
		{259DB56B-EDB1-4E8D-A286-A061F3924E79}.Release|x64.Build.0 = Release|x64
		{259DB56B-EDB1-4E8D-A286-A061F3924E79}.Release|x86.ActiveCfg = Release|Win32
		{259DB56B-EDB1-4E8D-A286-A061F3924E79}.Release|x86.Build.0 = Release|Win32
		{E6092C99-9D31-4050-AE17-8AF1B9549134}.Debug|x64.ActiveCfg = Debug|x64
		{E6092C99-9D31-4050-AE17-8AF1B9549134}.Debug|x64.Build.0 = Debug|x64
		{E6092C99-9D31-4050-AE17-8AF1B9549134}.Debug|x86.ActiveCfg = Debug|Win32
		{E6092C99-9D31-4050-AE17-8AF1B9549134}.Debug|x86.Build.0 = Debug|Win32
		{E6092C99-9D31-4050-AE17-8AF1B9549134}.Release|x64.ActiveCfg = Release|x64
		{E6092C99-9D31-4050-AE17-8AF1B9549134}.Release|x64.Build.0 = Release|x64
		{E6092C99-9D31-4050-AE17-8AF1B9549134}.Release|x86.ActiveCfg = Release|Win32
		{E6092C99-9D31-4050-AE17-8AF1B9549134}.Release|x86.Build.0 = Release|Win32
		{8768E9BC-2AF1-45A2-9FCB-2EBA3EE339C4}.Debug|x64.ActiveCfg = Debug|x64
		{8768E9BC-2AF1-45A2-9FCB-2EBA3EE339C4}.Debug|x64.Build.0 = Debug|x64
		{8768E9BC-2AF1-45A2-9FCB-2EBA3EE339C4}.Debug|x86.ActiveCfg = Debug|Win32
		{8768E9BC-2AF1-45A2-9FCB-2EBA3EE339C4}.Debug|x86.Build.0 = Debug|Win32
		{8768E9BC-2AF1-45A2-9FCB-2EBA3EE339C4}.Release|x64.ActiveCfg = Release|x64
		{8768E9BC-2AF1-45A2-9FCB-2EBA3EE339C4}.Release|x64.Build.0 = Release|x64
		{8768E9BC-2AF1-45A2-9FCB-2EBA3EE339C4}.Release|x86.ActiveCfg = Release|Win32
		{8768E9BC-2AF1-45A2-9FCB-2EBA3EE339C4}.Release|x86.Build.0 = Release|Win32
		{9100A816-2424-4C78-9E87-6E2F0335BF23}.Debug|x64.ActiveCfg = Debug|x64
		{9100A816-2424-4C78-9E87-6E2F0335BF23}.Debug|x64.Build.0 = Debug|x64
		{9100A816-2424-4C78-9E87-6E2F0335BF23}.Debug|x86.ActiveCfg = Debug|Win32
		{9100A816-2424-4C78-9E87-6E2F0335BF23}.Debug|x86.Build.0 = Debug|Win32
		{9100A816-2424-4C78-9E87-6E2F0335BF23}.Release|x64.ActiveCfg = Release|x64
		{9100A816-2424-4C78-9E87-6E2F0335BF23}.Release|x64.Build.0 = Release|x64
		{9100A816-2424-4C78-9E87-6E2F0335BF23}.Release|x86.ActiveCfg = Release|Win32
		{9100A816-2424-4C78-9E87-6E2F0335BF23}.Release|x86.Build.0 = Release|Win32
		{8FEE5306-E9A7-4271-8360-3EADE7F5DEB7}.Debug|x64.ActiveCfg = Debug|x64
		{8FEE5306-E9A7-4271-8360-3EADE7F5DEB7}.Debug|x64.Build.0 = Debug|x64
		{8FEE5306-E9A7-4271-8360-3EADE7F5DEB7}.Debug|x86.ActiveCfg = Debug|Win32
		{8FEE5306-E9A7-4271-8360-3EADE7F5DEB7}.Debug|x86.Build.0 = Debug|Win32
		{8FEE5306-E9A7-4271-8360-3EADE7F5DEB7}.Release|x64.ActiveCfg = Release|x64
		{8FEE5306-E9A7-4271-8360-3EADE7F5DEB7}.Release|x64.Build.0 = Release|x64
		{8FEE5306-E9A7-4271-8360-3EADE7F5DEB7}.Release|x86.ActiveCfg = Release|Win32
		{8FEE5306-E9A7-4271-8360-3EADE7F5DEB7}.Release|x86.Build.0 = Release|Win32
		{D93AE121-B7C7-49EB-8AC3-E25FF213CED1}.Debug|x64.ActiveCfg = Debug|x64
		{D93AE121-B7C7-49EB-8AC3-E25FF213CED1}.Debug|x64.Build.0 = Debug|x64
		{D93AE121-B7C7-49EB-8AC3-E25FF213CED1}.Debug|x86.ActiveCfg = Debug|Win32
		{D93AE121-B7C7-49EB-8AC3-E25FF213CED1}.Debug|x86.Build.0 = Debug|Win32
		{D93AE121-B7C7-49EB-8AC3-E25FF213CED1}.Release|x64.ActiveCfg = Release|x64
		{D93AE121-B7C7-49EB-8AC3-E25FF213CED1}.Release|x64.Build.0 = Release|x64
		{D93AE121-B7C7-49EB-8AC3-E25FF213CED1}.Release|x86.ActiveCfg = Release|Win32
		{D93AE121-B7C7-49EB-8AC3-E25FF213CED1}.Release|x86.Build.0 = Release|Win32
		{8DDEC295-EFB8-454E-A9CC-352CA1F7499B}.Debug|x64.ActiveCfg = Debug|x64
		{8DDEC295-EFB8-454E-A9CC-352CA1F7499B}.Debug|x64.Build.0 = Debug|x64
		{8DDEC295-EFB8-454E-A9CC-352CA1F7499B}.Debug|x86.ActiveCfg = Debug|Win32
		{8DDEC295-EFB8-454E-A9CC-352CA1F7499B}.Debug|x86.Build.0 = Debug|Win32
		{8DDEC295-EFB8-454E-A9CC-352CA1F7499B}.Release|x64.ActiveCfg = Release|x64
		{8DDEC295-EFB8-454E-A9CC-352CA1F7499B}.Release|x64.Build.0 = Release|x64
		{8DDEC295-EFB8-454E-A9CC-352CA1F7499B}.Release|x86.ActiveCfg = Release|Win32
		{8DDEC295-EFB8-454E-A9CC-352CA1F7499B}.Release|x86.Build.0 = Release|Win32
		{DAF1758B-9364-4A45-96CF-0F1C1DDE1094}.Debug|x64.ActiveCfg = Debug|x64
		{DAF1758B-9364-4A45-96CF-0F1C1DDE1094}.Debug|x64.Build.0 = Debug|x64
		{DAF1758B-9364-4A45-96CF-0F1C1DDE1094}.Debug|x86.ActiveCfg = Debug|Win32
		{DAF1758B-9364-4A45-96CF-0F1C1DDE1094}.Debug|x86.Build.0 = Debug|Win32
		{DAF1758B-9364-4A45-96CF-0F1C1DDE1094}.Release|x64.ActiveCfg = Release|x64
		{DAF1758B-9364-4A45-96CF-0F1C1DDE1094}.Release|x64.Build.0 = Release|x64
		{DAF1758B-9364-4A45-96CF-0F1C1DDE1094}.Release|x86.ActiveCfg = Release|Win32
		{DAF1758B-9364-4A45-96CF-0F1C1DDE1094}.Release|x86.Build.0 = Release|Win32
		{2C66AF48-4F2F-4BBE-85DB-CE52A04DAE79}.Debug|x64.ActiveCfg = Debug|x64
		{2C66AF48-4F2F-4BBE-85DB-CE52A04DAE79}.Debug|x64.Build.0 = Debug|x64
		{2C66AF48-4F2F-4BBE-85DB-CE52A04DAE79}.Debug|x86.ActiveCfg = Debug|Win32
		{2C66AF48-4F2F-4BBE-85DB-CE52A04DAE79}.Debug|x86.Build.0 = Debug|Win32
		{2C66AF48-4F2F-4BBE-85DB-CE52A04DAE79}.Release|x64.ActiveCfg = Release|x64
		{2C66AF48-4F2F-4BBE-85DB-CE52A04DAE79}.Release|x64.Build.0 = Release|x64
		{2C66AF48-4F2F-4BBE-85DB-CE52A04DAE79}.Release|x86.ActiveCfg = Release|Win32
		{2C66AF48-4F2F-4BBE-85DB-CE52A04DAE79}.Release|x86.Build.0 = Release|Win32
		{8BACA403-95FC-434D-84B5-A7D3C6C30B3C}.Debug|x64.ActiveCfg = Debug|x64
		{8BACA403-95FC-434D-84B5-A7D3C6C30B3C}.Debug|x64.Build.0 = Debug|x64
		{8BACA403-95FC-434D-84B5-A7D3C6C30B3C}.Debug|x86.ActiveCfg = Debug|Win32
		{8BACA403-95FC-434D-84B5-A7D3C6C30B3C}.Debug|x86.Build.0 = Debug|Win32
		{8BACA403-95FC-434D-84B5-A7D3C6C30B3C}.Release|x64.ActiveCfg = Release|x64
		{8BACA403-95FC-434D-84B5-A7D3C6C30B3C}.Release|x64.Build.0 = Release|x64
		{8BACA403-95FC-434D-84B5-A7D3C6C30B3C}.Release|x86.ActiveCfg = Release|Win32
		{8BACA403-95FC-434D-84B5-A7D3C6C30B3C}.Release|x86.Build.0 = Release|Win32
		{310C7AA2-27AA-4209-82D4-8ED4AC41C3FF}.Debug|x64.ActiveCfg = Debug|x64
		{310C7AA2-27AA-4209-82D4-8ED4AC41C3FF}.Debug|x64.Build.0 = Debug|x64
		{310C7AA2-27AA-4209-82D4-8ED4AC41C3FF}.Debug|x86.ActiveCfg = Debug|Win32
		{310C7AA2-27AA-4209-82D4-8ED4AC41C3FF}.Debug|x86.Build.0 = Debug|Win32
		{310C7AA2-27AA-4209-82D4-8ED4AC41C3FF}.Release|x64.ActiveCfg = Release|x64
		{310C7AA2-27AA-4209-82D4-8ED4AC41C3FF}.Release|x64.Build.0 = Release|x64
		{310C7AA2-27AA-4209-82D4-8ED4AC41C3FF}.Release|x86.ActiveCfg = Release|Win32
		{310C7AA2-27AA-4209-82D4-8ED4AC41C3FF}.Release|x86.Build.0 = Release|Win32
		{ECB5BB31-8E1D-4835-B192-005B99C7212D}.Debug|x64.ActiveCfg = Debug|x64
		{ECB5BB31-8E1D-4835-B192-005B99C7212D}.Debug|x64.Build.0 = Debug|x64
		{ECB5BB31-8E1D-4835-B192-005B99C7212D}.Debug|x86.ActiveCfg = Debug|Win32
		{ECB5BB31-8E1D-4835-B192-005B99C7212D}.Debug|x86.Build.0 = Debug|Win32
		{ECB5BB31-8E1D-4835-B192-005B99C7212D}.Release|x64.ActiveCfg = Release|x64
		{ECB5BB31-8E1D-4835-B192-005B99C7212D}.Release|x64.Build.0 = Release|x64
		{ECB5BB31-8E1D-4835-B192-005B99C7212D}.Release|x86.ActiveCfg = Release|Win32
		{ECB5BB31-8E1D-4835-B192-005B99C7212D}.Release|x86.Build.0 = Release|Win32
		{C2D63E63-377B-4DDB-B99F-E5ECD6908F88}.Debug|x64.ActiveCfg = Debug|x64
		{C2D63E63-377B-4DDB-B99F-E5ECD6908F88}.Debug|x64.Build.0 = Debug|x64
		{C2D63E63-377B-4DDB-B99F-E5ECD6908F88}.Debug|x86.ActiveCfg = Debug|Win32
		{C2D63E63-377B-4DDB-B99F-E5ECD6908F88}.Debug|x86.Build.0 = Debug|Win32
		{C2D63E63-377B-4DDB-B99F-E5ECD6908F88}.Release|x64.ActiveCfg = Release|x64
		{C2D63E63-377B-4DDB-B99F-E5ECD6908F88}.Release|x64.Build.0 = Release|x64
		{C2D63E63-377B-4DDB-B99F-E5ECD6908F88}.Release|x86.ActiveCfg = Release|Win32
		{C2D63E63-377B-4DDB-B99F-E5ECD6908F88}.Release|x86.Build.0 = Release|Win32
		{BF53285F-CE98-4EF1-AD7C-3F4CBBE77D88}.Debug|x64.ActiveCfg = Debug|x64
		{BF53285F-CE98-4EF1-AD7C-3F4CBBE77D88}.Debug|x64.Build.0 = Debug|x64
		{BF53285F-CE98-4EF1-AD7C-3F4CBBE77D88}.Debug|x86.ActiveCfg = Debug|Win32
		{BF53285F-CE98-4EF1-AD7C-3F4CBBE77D88}.Debug|x86.Build.0 = Debug|Win32
		{BF53285F-CE98-4EF1-AD7C-3F4CBBE77D88}.Release|x64.ActiveCfg = Release|x64
		{BF53285F-CE98-4EF1-AD7C-3F4CBBE77D88}.Release|x64.Build.0 = Release|x64
		{BF53285F-CE98-4EF1-AD7C-3F4CBBE77D88}.Release|x86.ActiveCfg = Release|Win32
		{BF53285F-CE98-4EF1-AD7C-3F4CBBE77D88}.Release|x86.Build.0 = Release|Win32
	EndGlobalSection
	GlobalSection(SolutionProperties) = preSolution
		HideSolutionNode = FALSE
	EndGlobalSection
	GlobalSection(ExtensibilityGlobals) = postSolution
		SolutionGuid = {75FB9F01-37CA-4A3D-972A-D63FA0D924E4}
	EndGlobalSection
EndGlobal
